
Microsoft Visual Studio Solution File, Format Version 12.00
# Visual Studio Version 17
VisualStudioVersion = 17.0.31903.59
MinimumVisualStudioVersion = 10.0.40219.1
Project("{FAE04EC0-301F-11D3-BF4B-00C04F79EFBC}") = "durablefunctionsmonitor.dotnetisolated", "durablefunctionsmonitor.dotnetisolated.csproj", "{8A6A62B0-7387-4D3C-86D1-5619C4AF2DF4}"
EndProject
Project("{FAE04EC0-301F-11D3-BF4B-00C04F79EFBC}") = "durablefunctionsmonitor.dotnetisolated.core", "..\durablefunctionsmonitor.dotnetisolated.core\durablefunctionsmonitor.dotnetisolated.core.csproj", "{22AB6F6F-04F9-404D-BA3C-AFA6D6325BFC}"
EndProject
Global
	GlobalSection(SolutionConfigurationPlatforms) = preSolution
		Debug|Any CPU = Debug|Any CPU
		Release|Any CPU = Release|Any CPU
	EndGlobalSection
	GlobalSection(SolutionProperties) = preSolution
		HideSolutionNode = FALSE
	EndGlobalSection
	GlobalSection(ProjectConfigurationPlatforms) = postSolution
		{8A6A62B0-7387-4D3C-86D1-5619C4AF2DF4}.Debug|Any CPU.ActiveCfg = Debug|Any CPU
		{8A6A62B0-7387-4D3C-86D1-5619C4AF2DF4}.Debug|Any CPU.Build.0 = Debug|Any CPU
		{8A6A62B0-7387-4D3C-86D1-5619C4AF2DF4}.Release|Any CPU.ActiveCfg = Release|Any CPU
		{8A6A62B0-7387-4D3C-86D1-5619C4AF2DF4}.Release|Any CPU.Build.0 = Release|Any CPU
		{22AB6F6F-04F9-404D-BA3C-AFA6D6325BFC}.Debug|Any CPU.ActiveCfg = Debug|Any CPU
		{22AB6F6F-04F9-404D-BA3C-AFA6D6325BFC}.Debug|Any CPU.Build.0 = Debug|Any CPU
		{22AB6F6F-04F9-404D-BA3C-AFA6D6325BFC}.Release|Any CPU.ActiveCfg = Release|Any CPU
		{22AB6F6F-04F9-404D-BA3C-AFA6D6325BFC}.Release|Any CPU.Build.0 = Release|Any CPU
	EndGlobalSection
EndGlobal
